
Microsoft Visual Studio Solution File, Format Version 12.00
# Visual Studio 15
VisualStudioVersion = 15.0.28307.106
MinimumVisualStudioVersion = 10.0.40219.1
Project("{FAE04EC0-301F-11D3-BF4B-00C04F79EFBC}") = "Quantum Interface", "Quantum Interface\Quantum Interface.csproj", "{974061B1-EF29-4B65-B014-6B14DCCDDF54}"
EndProject
Global
	GlobalSection(SolutionConfigurationPlatforms) = preSolution
		Debug|Any CPU = Debug|Any CPU
		Release|Any CPU = Release|Any CPU
	EndGlobalSection
	GlobalSection(ProjectConfigurationPlatforms) = postSolution
		{974061B1-EF29-4B65-B014-6B14DCCDDF54}.Debug|Any CPU.ActiveCfg = Debug|Any CPU
		{974061B1-EF29-4B65-B014-6B14DCCDDF54}.Debug|Any CPU.Build.0 = Debug|Any CPU
		{974061B1-EF29-4B65-B014-6B14DCCDDF54}.Release|Any CPU.ActiveCfg = Release|Any CPU
		{974061B1-EF29-4B65-B014-6B14DCCDDF54}.Release|Any CPU.Build.0 = Release|Any CPU
	EndGlobalSection
	GlobalSection(SolutionProperties) = preSolution
		HideSolutionNode = FALSE
	EndGlobalSection
	GlobalSection(ExtensibilityGlobals) = postSolution
		SolutionGuid = {DA498E94-461B-4200-91E1-37DFF47F4925}
	EndGlobalSection
EndGlobal
